// !$*UTF8*$!
{
	archiveVersion = 1;
	classes = {
	};
	objectVersion = 46;
	objects = {

/* Begin PBXBuildFile section */
		5E024FFF1C1791B7009D483D /* AppDelegate.swift in Sources */ = {isa = PBXBuildFile; fileRef = 5E024FFE1C1791B7009D483D /* AppDelegate.swift */; };
		5E0250011C1791B7009D483D /* ViewController.swift in Sources */ = {isa = PBXBuildFile; fileRef = 5E0250001C1791B7009D483D /* ViewController.swift */; };
		5E0250041C1791B7009D483D /* Main.storyboard in Resources */ = {isa = PBXBuildFile; fileRef = 5E0250021C1791B7009D483D /* Main.storyboard */; };
		5E0250061C1791B7009D483D /* Assets.xcassets in Resources */ = {isa = PBXBuildFile; fileRef = 5E0250051C1791B7009D483D /* Assets.xcassets */; };
		5E0250091C1791B7009D483D /* LaunchScreen.storyboard in Resources */ = {isa = PBXBuildFile; fileRef = 5E0250071C1791B7009D483D /* LaunchScreen.storyboard */; };
/* End PBXBuildFile section */

/* Begin PBXFileReference section */
		5E024FFB1C1791B7009D483D /* LiveCamera.app */ = {isa = PBXFileReference; explicitFileType = wrapper.application; includeInIndex = 0; path = LiveCamera.app; sourceTree = BUILT_PRODUCTS_DIR; };
		5E024FFE1C1791B7009D483D /* AppDelegate.swift */ = {isa = PBXFileReference; lastKnownFileType = sourcecode.swift; path = AppDelegate.swift; sourceTree = "<group>"; };
		5E0250001C1791B7009D483D /* ViewController.swift */ = {isa = PBXFileReference; lastKnownFileType = sourcecode.swift; path = ViewController.swift; sourceTree = "<group>"; };
		5E0250031C1791B7009D483D /* Base */ = {isa = PBXFileReference; lastKnownFileType = file.storyboard; name = Base; path = Base.lproj/Main.storyboard; sourceTree = "<group>"; };
		5E0250051C1791B7009D483D /* Assets.xcassets */ = {isa = PBXFileReference; lastKnownFileType = folder.assetcatalog; path = Assets.xcassets; sourceTree = "<group>"; };
		5E0250081C1791B7009D483D /* Base */ = {isa = PBXFileReference; lastKnownFileType = file.storyboard; name = Base; path = Base.lproj/LaunchScreen.storyboard; sourceTree = "<group>"; };
		5E02500A1C1791B7009D483D /* Info.plist */ = {isa = PBXFileReference; lastKnownFileType = text.plist.xml; path = Info.plist; sourceTree = "<group>"; };
/* End PBXFileReference section */

/* Begin PBXFrameworksBuildPhase section */
		5E024FF81C1791B7009D483D /* Frameworks */ = {
			isa = PBXFrameworksBuildPhase;
			buildActionMask = 2147483647;
			files = (
			);
			runOnlyForDeploymentPostprocessing = 0;
		};
/* End PBXFrameworksBuildPhase section */

/* Begin PBXGroup section */
		5E024FF21C1791B7009D483D = {
			isa = PBXGroup;
			children = (
				5E024FFD1C1791B7009D483D /* LiveCamera */,
				5E024FFC1C1791B7009D483D /* Products */,
			);
			sourceTree = "<group>";
		};
		5E024FFC1C1791B7009D483D /* Products */ = {
			isa = PBXGroup;
			children = (
				5E024FFB1C1791B7009D483D /* LiveCamera.app */,
			);
			name = Products;
			sourceTree = "<group>";
		};
		5E024FFD1C1791B7009D483D /* LiveCamera */ = {
			isa = PBXGroup;
			children = (
				5E024FFE1C1791B7009D483D /* AppDelegate.swift */,
				5E0250001C1791B7009D483D /* ViewController.swift */,
				5E0250021C1791B7009D483D /* Main.storyboard */,
				5E0250051C1791B7009D483D /* Assets.xcassets */,
				5E0250071C1791B7009D483D /* LaunchScreen.storyboard */,
				5E02500A1C1791B7009D483D /* Info.plist */,
			);
			path = LiveCamera;
			sourceTree = "<group>";
		};
/* End PBXGroup section */

/* Begin PBXNativeTarget section */
		5E024FFA1C1791B7009D483D /* LiveCamera */ = {
			isa = PBXNativeTarget;
			buildConfigurationList = 5E02500D1C1791B7009D483D /* Build configuration list for PBXNativeTarget "LiveCamera" */;
			buildPhases = (
				5E024FF71C1791B7009D483D /* Sources */,
				5E024FF81C1791B7009D483D /* Frameworks */,
				5E024FF91C1791B7009D483D /* Resources */,
			);
			buildRules = (
			);
			dependencies = (
			);
			name = LiveCamera;
			productName = LiveCamera;
			productReference = 5E024FFB1C1791B7009D483D /* LiveCamera.app */;
			productType = "com.apple.product-type.application";
		};
/* End PBXNativeTarget section */

/* Begin PBXProject section */
		5E024FF31C1791B7009D483D /* Project object */ = {
			isa = PBXProject;
			attributes = {
				LastSwiftUpdateCheck = 0710;
				LastUpgradeCheck = 0710;
				ORGANIZATIONNAME = "Touchopia, LLC";
				TargetAttributes = {
					5E024FFA1C1791B7009D483D = {
						CreatedOnToolsVersion = 7.1.1;
						DevelopmentTeam = 86Z976V88Y;
					};
				};
			};
			buildConfigurationList = 5E024FF61C1791B7009D483D /* Build configuration list for PBXProject "LiveCamera" */;
			compatibilityVersion = "Xcode 3.2";
			developmentRegion = English;
			hasScannedForEncodings = 0;
			knownRegions = (
				en,
				Base,
			);
			mainGroup = 5E024FF21C1791B7009D483D;
			productRefGroup = 5E024FFC1C1791B7009D483D /* Products */;
			projectDirPath = "";
			projectRoot = "";
			targets = (
				5E024FFA1C1791B7009D483D /* LiveCamera */,
			);
		};
/* End PBXProject section */

/* Begin PBXResourcesBuildPhase section */
		5E024FF91C1791B7009D483D /* Resources */ = {
			isa = PBXResourcesBuildPhase;
			buildActionMask = 2147483647;
			files = (
				5E0250091C1791B7009D483D /* LaunchScreen.storyboard in Resources */,
				5E0250061C1791B7009D483D /* Assets.xcassets in Resources */,
				5E0250041C1791B7009D483D /* Main.storyboard in Resources */,
			);
			runOnlyForDeploymentPostprocessing = 0;
		};
/* End PBXResourcesBuildPhase section */

/* Begin PBXSourcesBuildPhase section */
		5E024FF71C1791B7009D483D /* Sources */ = {
			isa = PBXSourcesBuildPhase;
			buildActionMask = 2147483647;
			files = (
				5E0250011C1791B7009D483D /* ViewController.swift in Sources */,
				5E024FFF1C1791B7009D483D /* AppDelegate.swift in Sources */,
			);
			runOnlyForDeploymentPostprocessing = 0;
		};
/* End PBXSourcesBuildPhase section */

/* Begin PBXVariantGroup section */
		5E0250021C1791B7009D483D /* Main.storyboard */ = {
			isa = PBXVariantGroup;
			children = (
				5E0250031C1791B7009D483D /* Base */,
			);
			name = Main.storyboard;
			sourceTree = "<group>";
		};
		5E0250071C1791B7009D483D /* LaunchScreen.storyboard */ = {
			isa = PBXVariantGroup;
			children = (
				5E0250081C1791B7009D483D /* Base */,
			);
			name = LaunchScreen.storyboard;
			sourceTree = "<group>";
		};
/* End PBXVariantGroup section */

/* Begin XCBuildConfiguration section */
		5E02500B1C1791B7009D483D /* Debug */ = {
			isa = XCBuildConfiguration;
			buildSettings = {
				ALWAYS_SEARCH_USER_PATHS = NO;
				CLANG_CXX_LANGUAGE_STANDARD = "gnu++0x";
				CLANG_CXX_LIBRARY = "libc++";
				CLANG_ENABLE_MODULES = YES;
				CLANG_ENABLE_OBJC_ARC = YES;
				CLANG_WARN_BOOL_CONVERSION = YES;
				CLANG_WARN_CONSTANT_CONVERSION = YES;
				CLANG_WARN_DIRECT_OBJC_ISA_USAGE = YES_ERROR;
				CLANG_WARN_EMPTY_BODY = YES;
				CLANG_WARN_ENUM_CONVERSION = YES;
				CLANG_WARN_INT_CONVERSION = YES;
				CLANG_WARN_OBJC_ROOT_CLASS = YES_ERROR;
				CLANG_WARN_UNREACHABLE_CODE = YES;
				CLANG_WARN__DUPLICATE_METHOD_MATCH = YES;
				"CODE_SIGN_IDENTITY[sdk=iphoneos*]" = "iPhone Developer";
				COPY_PHASE_STRIP = NO;
				DEBUG_INFORMATION_FORMAT = dwarf;
				ENABLE_STRICT_OBJC_MSGSEND = YES;
				ENABLE_TESTABILITY = YES;
				GCC_C_LANGUAGE_STANDARD = gnu99;
				GCC_DYNAMIC_NO_PIC = NO;
				GCC_NO_COMMON_BLOCKS = YES;
				GCC_OPTIMIZATION_LEVEL = 0;
				GCC_PREPROCESSOR_DEFINITIONS = (
					"DEBUG=1",
					"$(inherited)",
				);
				GCC_WARN_64_TO_32_BIT_CONVERSION = YES;
				GCC_WARN_ABOUT_RETURN_TYPE = YES_ERROR;
				GCC_WARN_UNDECLARED_SELECTOR = YES;
				GCC_WARN_UNINITIALIZED_AUTOS = YES_AGGRESSIVE;
				GCC_WARN_UNUSED_FUNCTION = YES;
				GCC_WARN_UNUSED_VARIABLE = YES;
				IPHONEOS_DEPLOYMENT_TARGET = 9.1;
				MTL_ENABLE_DEBUG_INFO = YES;
				ONLY_ACTIVE_ARCH = YES;
				SDKROOT = iphoneos;
				SWIFT_OPTIMIZATION_LEVEL = "-Onone";
			};
			name = Debug;
		};
		5E02500C1C1791B7009D483D /* Release */ = {
			isa = XCBuildConfiguration;
			buildSettings = {
				ALWAYS_SEARCH_USER_PATHS = NO;
				CLANG_CXX_LANGUAGE_STANDARD = "gnu++0x";
				CLANG_CXX_LIBRARY = "libc++";
				CLANG_ENABLE_MODULES = YES;
				CLANG_ENABLE_OBJC_ARC = YES;
				CLANG_WARN_BOOL_CONVERSION = YES;
				CLANG_WARN_CONSTANT_CONVERSION = YES;
				CLANG_WARN_DIRECT_OBJC_ISA_USAGE = YES_ERROR;
				CLANG_WARN_EMPTY_BODY = YES;
				CLANG_WARN_ENUM_CONVERSION = YES;
				CLANG_WARN_INT_CONVERSION = YES;
				CLANG_WARN_OBJC_ROOT_CLASS = YES_ERROR;
				CLANG_WARN_UNREACHABLE_CODE = YES;
				CLANG_WARN__DUPLICATE_METHOD_MATCH = YES;
				"CODE_SIGN_IDENTITY[sdk=iphoneos*]" = "iPhone Developer";
				COPY_PHASE_STRIP = NO;
				DEBUG_INFORMATION_FORMAT = "dwarf-with-dsym";
				ENABLE_NS_ASSERTIONS = NO;
				ENABLE_STRICT_OBJC_MSGSEND = YES;
				GCC_C_LANGUAGE_STANDARD = gnu99;
				GCC_NO_COMMON_BLOCKS = YES;
				GCC_WARN_64_TO_32_BIT_CONVERSION = YES;
				GCC_WARN_ABOUT_RETURN_TYPE = YES_ERROR;
				GCC_WARN_UNDECLARED_SELECTOR = YES;
				GCC_WARN_UNINITIALIZED_AUTOS = YES_AGGRESSIVE;
				GCC_WARN_UNUSED_FUNCTION = YES;
				GCC_WARN_UNUSED_VARIABLE = YES;
				IPHONEOS_DEPLOYMENT_TARGET = 9.1;
				MTL_ENABLE_DEBUG_INFO = NO;
				SDKROOT = iphoneos;
				VALIDATE_PRODUCT = YES;
			};
			name = Release;
		};
		5E02500E1C1791B7009D483D /* Debug */ = {
			isa = XCBuildConfiguration;
			buildSettings = {
				ASSETCATALOG_COMPILER_APPICON_NAME = AppIcon;
				CODE_SIGN_IDENTITY = "iPhone Developer";
				INFOPLIST_FILE = LiveCamera/Info.plist;
				LD_RUNPATH_SEARCH_PATHS = "$(inherited) @executable_path/Frameworks";
				PRODUCT_BUNDLE_IDENTIFIER = com.touchopia.LiveCamera;
				PRODUCT_NAME = "$(TARGET_NAME)";
			};
			name = Debug;
		};
		5E02500F1C1791B7009D483D /* Release */ = {
			isa = XCBuildConfiguration;
			buildSettings = {
				ASSETCATALOG_COMPILER_APPICON_NAME = AppIcon;
				CODE_SIGN_IDENTITY = "iPhone Developer";
				INFOPLIST_FILE = LiveCamera/Info.plist;
				LD_RUNPATH_SEARCH_PATHS = "$(inherited) @executable_path/Frameworks";
				PRODUCT_BUNDLE_IDENTIFIER = com.touchopia.LiveCamera;
				PRODUCT_NAME = "$(TARGET_NAME)";
			};
			name = Release;
		};
/* End XCBuildConfiguration section */

/* Begin XCConfigurationList section */
		5E024FF61C1791B7009D483D /* Build configuration list for PBXProject "LiveCamera" */ = {
			isa = XCConfigurationList;
			buildConfigurations = (
				5E02500B1C1791B7009D483D /* Debug */,
				5E02500C1C1791B7009D483D /* Release */,
			);
			defaultConfigurationIsVisible = 0;
			defaultConfigurationName = Release;
		};
		5E02500D1C1791B7009D483D /* Build configuration list for PBXNativeTarget "LiveCamera" */ = {
			isa = XCConfigurationList;
			buildConfigurations = (
				5E02500E1C1791B7009D483D /* Debug */,
				5E02500F1C1791B7009D483D /* Release */,
			);
			defaultConfigurationIsVisible = 0;
			defaultConfigurationName = Release;
		};
/* End XCConfigurationList section */
	};
	rootObject = 5E024FF31C1791B7009D483D /* Project object */;
}
