// !$*UTF8*$!
{
	archiveVersion = 1;
	classes = {
	};
	objectVersion = 46;
	objects = {

/* Begin PBXBuildFile section */
		5E9679321C1C95130081360B /* AppDelegate.swift in Sources */ = {isa = PBXBuildFile; fileRef = 5E9679311C1C95130081360B /* AppDelegate.swift */; };
		5E9679341C1C95130081360B /* ViewController.swift in Sources */ = {isa = PBXBuildFile; fileRef = 5E9679331C1C95130081360B /* ViewController.swift */; };
		5E9679371C1C95130081360B /* Main.storyboard in Resources */ = {isa = PBXBuildFile; fileRef = 5E9679351C1C95130081360B /* Main.storyboard */; };
		5E96793C1C1C95130081360B /* LaunchScreen.storyboard in Resources */ = {isa = PBXBuildFile; fileRef = 5E96793A1C1C95130081360B /* LaunchScreen.storyboard */; };
		5E9679441C1C994B0081360B /* Images.xcassets in Resources */ = {isa = PBXBuildFile; fileRef = 5E9679431C1C994B0081360B /* Images.xcassets */; };
/* End PBXBuildFile section */

/* Begin PBXFileReference section */
		5E96792E1C1C95130081360B /* SimpleScrollView.app */ = {isa = PBXFileReference; explicitFileType = wrapper.application; includeInIndex = 0; path = SimpleScrollView.app; sourceTree = BUILT_PRODUCTS_DIR; };
		5E9679311C1C95130081360B /* AppDelegate.swift */ = {isa = PBXFileReference; lastKnownFileType = sourcecode.swift; path = AppDelegate.swift; sourceTree = "<group>"; };
		5E9679331C1C95130081360B /* ViewController.swift */ = {isa = PBXFileReference; lastKnownFileType = sourcecode.swift; path = ViewController.swift; sourceTree = "<group>"; };
		5E9679361C1C95130081360B /* Base */ = {isa = PBXFileReference; lastKnownFileType = file.storyboard; name = Base; path = Base.lproj/Main.storyboard; sourceTree = "<group>"; };
		5E96793B1C1C95130081360B /* Base */ = {isa = PBXFileReference; lastKnownFileType = file.storyboard; name = Base; path = Base.lproj/LaunchScreen.storyboard; sourceTree = "<group>"; };
		5E96793D1C1C95130081360B /* Info.plist */ = {isa = PBXFileReference; lastKnownFileType = text.plist.xml; path = Info.plist; sourceTree = "<group>"; };
		5E9679431C1C994B0081360B /* Images.xcassets */ = {isa = PBXFileReference; lastKnownFileType = folder.assetcatalog; path = Images.xcassets; sourceTree = "<group>"; };
/* End PBXFileReference section */

/* Begin PBXFrameworksBuildPhase section */
		5E96792B1C1C95130081360B /* Frameworks */ = {
			isa = PBXFrameworksBuildPhase;
			buildActionMask = 2147483647;
			files = (
			);
			runOnlyForDeploymentPostprocessing = 0;
		};
/* End PBXFrameworksBuildPhase section */

/* Begin PBXGroup section */
		5E9679251C1C95130081360B = {
			isa = PBXGroup;
			children = (
				5E9679301C1C95130081360B /* SimpleScrollView */,
				5E96792F1C1C95130081360B /* Products */,
			);
			sourceTree = "<group>";
		};
		5E96792F1C1C95130081360B /* Products */ = {
			isa = PBXGroup;
			children = (
				5E96792E1C1C95130081360B /* SimpleScrollView.app */,
			);
			name = Products;
			sourceTree = "<group>";
		};
		5E9679301C1C95130081360B /* SimpleScrollView */ = {
			isa = PBXGroup;
			children = (
				5E9679311C1C95130081360B /* AppDelegate.swift */,
				5E9679331C1C95130081360B /* ViewController.swift */,
				5E9679351C1C95130081360B /* Main.storyboard */,
				5E96793A1C1C95130081360B /* LaunchScreen.storyboard */,
				5E9679431C1C994B0081360B /* Images.xcassets */,
				5E96793D1C1C95130081360B /* Info.plist */,
			);
			path = SimpleScrollView;
			sourceTree = "<group>";
		};
/* End PBXGroup section */

/* Begin PBXNativeTarget section */
		5E96792D1C1C95130081360B /* SimpleScrollView */ = {
			isa = PBXNativeTarget;
			buildConfigurationList = 5E9679401C1C95130081360B /* Build configuration list for PBXNativeTarget "SimpleScrollView" */;
			buildPhases = (
				5E96792A1C1C95130081360B /* Sources */,
				5E96792B1C1C95130081360B /* Frameworks */,
				5E96792C1C1C95130081360B /* Resources */,
			);
			buildRules = (
			);
			dependencies = (
			);
			name = SimpleScrollView;
			productName = SimpleScrollView;
			productReference = 5E96792E1C1C95130081360B /* SimpleScrollView.app */;
			productType = "com.apple.product-type.application";
		};
/* End PBXNativeTarget section */

/* Begin PBXProject section */
		5E9679261C1C95130081360B /* Project object */ = {
			isa = PBXProject;
			attributes = {
				LastSwiftUpdateCheck = 0720;
				LastUpgradeCheck = 0720;
				ORGANIZATIONNAME = "The Iron Yard";
				TargetAttributes = {
					5E96792D1C1C95130081360B = {
						CreatedOnToolsVersion = 7.2;
					};
				};
			};
			buildConfigurationList = 5E9679291C1C95130081360B /* Build configuration list for PBXProject "SimpleScrollView" */;
			compatibilityVersion = "Xcode 3.2";
			developmentRegion = English;
			hasScannedForEncodings = 0;
			knownRegions = (
				en,
				Base,
			);
			mainGroup = 5E9679251C1C95130081360B;
			productRefGroup = 5E96792F1C1C95130081360B /* Products */;
			projectDirPath = "";
			projectRoot = "";
			targets = (
				5E96792D1C1C95130081360B /* SimpleScrollView */,
			);
		};
/* End PBXProject section */

/* Begin PBXResourcesBuildPhase section */
		5E96792C1C1C95130081360B /* Resources */ = {
			isa = PBXResourcesBuildPhase;
			buildActionMask = 2147483647;
			files = (
				5E9679441C1C994B0081360B /* Images.xcassets in Resources */,
				5E96793C1C1C95130081360B /* LaunchScreen.storyboard in Resources */,
				5E9679371C1C95130081360B /* Main.storyboard in Resources */,
			);
			runOnlyForDeploymentPostprocessing = 0;
		};
/* End PBXResourcesBuildPhase section */

/* Begin PBXSourcesBuildPhase section */
		5E96792A1C1C95130081360B /* Sources */ = {
			isa = PBXSourcesBuildPhase;
			buildActionMask = 2147483647;
			files = (
				5E9679341C1C95130081360B /* ViewController.swift in Sources */,
				5E9679321C1C95130081360B /* AppDelegate.swift in Sources */,
			);
			runOnlyForDeploymentPostprocessing = 0;
		};
/* End PBXSourcesBuildPhase section */

/* Begin PBXVariantGroup section */
		5E9679351C1C95130081360B /* Main.storyboard */ = {
			isa = PBXVariantGroup;
			children = (
				5E9679361C1C95130081360B /* Base */,
			);
			name = Main.storyboard;
			sourceTree = "<group>";
		};
		5E96793A1C1C95130081360B /* LaunchScreen.storyboard */ = {
			isa = PBXVariantGroup;
			children = (
				5E96793B1C1C95130081360B /* Base */,
			);
			name = LaunchScreen.storyboard;
			sourceTree = "<group>";
		};
/* End PBXVariantGroup section */

/* Begin XCBuildConfiguration section */
		5E96793E1C1C95130081360B /* Debug */ = {
			isa = XCBuildConfiguration;
			buildSettings = {
				ALWAYS_SEARCH_USER_PATHS = NO;
				CLANG_CXX_LANGUAGE_STANDARD = "gnu++0x";
				CLANG_CXX_LIBRARY = "libc++";
				CLANG_ENABLE_MODULES = YES;
				CLANG_ENABLE_OBJC_ARC = YES;
				CLANG_WARN_BOOL_CONVERSION = YES;
				CLANG_WARN_CONSTANT_CONVERSION = YES;
				CLANG_WARN_DIRECT_OBJC_ISA_USAGE = YES_ERROR;
				CLANG_WARN_EMPTY_BODY = YES;
				CLANG_WARN_ENUM_CONVERSION = YES;
				CLANG_WARN_INT_CONVERSION = YES;
				CLANG_WARN_OBJC_ROOT_CLASS = YES_ERROR;
				CLANG_WARN_UNREACHABLE_CODE = YES;
				CLANG_WARN__DUPLICATE_METHOD_MATCH = YES;
				"CODE_SIGN_IDENTITY[sdk=iphoneos*]" = "iPhone Developer";
				COPY_PHASE_STRIP = NO;
				DEBUG_INFORMATION_FORMAT = dwarf;
				ENABLE_STRICT_OBJC_MSGSEND = YES;
				ENABLE_TESTABILITY = YES;
				GCC_C_LANGUAGE_STANDARD = gnu99;
				GCC_DYNAMIC_NO_PIC = NO;
				GCC_NO_COMMON_BLOCKS = YES;
				GCC_OPTIMIZATION_LEVEL = 0;
				GCC_PREPROCESSOR_DEFINITIONS = (
					"DEBUG=1",
					"$(inherited)",
				);
				GCC_WARN_64_TO_32_BIT_CONVERSION = YES;
				GCC_WARN_ABOUT_RETURN_TYPE = YES_ERROR;
				GCC_WARN_UNDECLARED_SELECTOR = YES;
				GCC_WARN_UNINITIALIZED_AUTOS = YES_AGGRESSIVE;
				GCC_WARN_UNUSED_FUNCTION = YES;
				GCC_WARN_UNUSED_VARIABLE = YES;
				IPHONEOS_DEPLOYMENT_TARGET = 9.2;
				MTL_ENABLE_DEBUG_INFO = YES;
				ONLY_ACTIVE_ARCH = YES;
				SDKROOT = iphoneos;
				SWIFT_OPTIMIZATION_LEVEL = "-Onone";
			};
			name = Debug;
		};
		5E96793F1C1C95130081360B /* Release */ = {
			isa = XCBuildConfiguration;
			buildSettings = {
				ALWAYS_SEARCH_USER_PATHS = NO;
				CLANG_CXX_LANGUAGE_STANDARD = "gnu++0x";
				CLANG_CXX_LIBRARY = "libc++";
				CLANG_ENABLE_MODULES = YES;
				CLANG_ENABLE_OBJC_ARC = YES;
				CLANG_WARN_BOOL_CONVERSION = YES;
				CLANG_WARN_CONSTANT_CONVERSION = YES;
				CLANG_WARN_DIRECT_OBJC_ISA_USAGE = YES_ERROR;
				CLANG_WARN_EMPTY_BODY = YES;
				CLANG_WARN_ENUM_CONVERSION = YES;
				CLANG_WARN_INT_CONVERSION = YES;
				CLANG_WARN_OBJC_ROOT_CLASS = YES_ERROR;
				CLANG_WARN_UNREACHABLE_CODE = YES;
				CLANG_WARN__DUPLICATE_METHOD_MATCH = YES;
				"CODE_SIGN_IDENTITY[sdk=iphoneos*]" = "iPhone Developer";
				COPY_PHASE_STRIP = NO;
				DEBUG_INFORMATION_FORMAT = "dwarf-with-dsym";
				ENABLE_NS_ASSERTIONS = NO;
				ENABLE_STRICT_OBJC_MSGSEND = YES;
				GCC_C_LANGUAGE_STANDARD = gnu99;
				GCC_NO_COMMON_BLOCKS = YES;
				GCC_WARN_64_TO_32_BIT_CONVERSION = YES;
				GCC_WARN_ABOUT_RETURN_TYPE = YES_ERROR;
				GCC_WARN_UNDECLARED_SELECTOR = YES;
				GCC_WARN_UNINITIALIZED_AUTOS = YES_AGGRESSIVE;
				GCC_WARN_UNUSED_FUNCTION = YES;
				GCC_WARN_UNUSED_VARIABLE = YES;
				IPHONEOS_DEPLOYMENT_TARGET = 9.2;
				MTL_ENABLE_DEBUG_INFO = NO;
				SDKROOT = iphoneos;
				VALIDATE_PRODUCT = YES;
			};
			name = Release;
		};
		5E9679411C1C95130081360B /* Debug */ = {
			isa = XCBuildConfiguration;
			buildSettings = {
				ASSETCATALOG_COMPILER_APPICON_NAME = AppIcon;
				INFOPLIST_FILE = SimpleScrollView/Info.plist;
				LD_RUNPATH_SEARCH_PATHS = "$(inherited) @executable_path/Frameworks";
				PRODUCT_BUNDLE_IDENTIFIER = com.theironyard.SimpleScrollView;
				PRODUCT_NAME = "$(TARGET_NAME)";
			};
			name = Debug;
		};
		5E9679421C1C95130081360B /* Release */ = {
			isa = XCBuildConfiguration;
			buildSettings = {
				ASSETCATALOG_COMPILER_APPICON_NAME = AppIcon;
				INFOPLIST_FILE = SimpleScrollView/Info.plist;
				LD_RUNPATH_SEARCH_PATHS = "$(inherited) @executable_path/Frameworks";
				PRODUCT_BUNDLE_IDENTIFIER = com.theironyard.SimpleScrollView;
				PRODUCT_NAME = "$(TARGET_NAME)";
			};
			name = Release;
		};
/* End XCBuildConfiguration section */

/* Begin XCConfigurationList section */
		5E9679291C1C95130081360B /* Build configuration list for PBXProject "SimpleScrollView" */ = {
			isa = XCConfigurationList;
			buildConfigurations = (
				5E96793E1C1C95130081360B /* Debug */,
				5E96793F1C1C95130081360B /* Release */,
			);
			defaultConfigurationIsVisible = 0;
			defaultConfigurationName = Release;
		};
		5E9679401C1C95130081360B /* Build configuration list for PBXNativeTarget "SimpleScrollView" */ = {
			isa = XCConfigurationList;
			buildConfigurations = (
				5E9679411C1C95130081360B /* Debug */,
				5E9679421C1C95130081360B /* Release */,
			);
			defaultConfigurationIsVisible = 0;
			defaultConfigurationName = Release;
		};
/* End XCConfigurationList section */
	};
	rootObject = 5E9679261C1C95130081360B /* Project object */;
}
