// !$*UTF8*$!
{
	archiveVersion = 1;
	classes = {
	};
	objectVersion = 46;
	objects = {

/* Begin PBXBuildFile section */
		038318FF1C89F70D005A3265 /* AppDelegate.swift in Sources */ = {isa = PBXBuildFile; fileRef = 038318FE1C89F70D005A3265 /* AppDelegate.swift */; };
		038319011C89F70D005A3265 /* ViewController.swift in Sources */ = {isa = PBXBuildFile; fileRef = 038319001C89F70D005A3265 /* ViewController.swift */; };
		038319041C89F70D005A3265 /* Main.storyboard in Resources */ = {isa = PBXBuildFile; fileRef = 038319021C89F70D005A3265 /* Main.storyboard */; };
		038319061C89F70D005A3265 /* Assets.xcassets in Resources */ = {isa = PBXBuildFile; fileRef = 038319051C89F70D005A3265 /* Assets.xcassets */; };
		038319091C89F70D005A3265 /* LaunchScreen.storyboard in Resources */ = {isa = PBXBuildFile; fileRef = 038319071C89F70D005A3265 /* LaunchScreen.storyboard */; };
		038319111C89F73F005A3265 /* DataController.swift in Sources */ = {isa = PBXBuildFile; fileRef = 038319101C89F73F005A3265 /* DataController.swift */; };
		038319141C89F89A005A3265 /* myDataModel.xcdatamodeld in Sources */ = {isa = PBXBuildFile; fileRef = 038319121C89F89A005A3265 /* myDataModel.xcdatamodeld */; };
		038319191C89FCC1005A3265 /* Starship+CoreDataProperties.swift in Sources */ = {isa = PBXBuildFile; fileRef = 038319151C89FCC1005A3265 /* Starship+CoreDataProperties.swift */; };
		0383191A1C89FCC1005A3265 /* Starship.swift in Sources */ = {isa = PBXBuildFile; fileRef = 038319161C89FCC1005A3265 /* Starship.swift */; };
		0383191B1C89FCC1005A3265 /* Person+CoreDataProperties.swift in Sources */ = {isa = PBXBuildFile; fileRef = 038319171C89FCC1005A3265 /* Person+CoreDataProperties.swift */; };
		0383191C1C89FCC1005A3265 /* Person.swift in Sources */ = {isa = PBXBuildFile; fileRef = 038319181C89FCC1005A3265 /* Person.swift */; };
/* End PBXBuildFile section */

/* Begin PBXFileReference section */
		038318FB1C89F70D005A3265 /* SimpleCD.app */ = {isa = PBXFileReference; explicitFileType = wrapper.application; includeInIndex = 0; path = SimpleCD.app; sourceTree = BUILT_PRODUCTS_DIR; };
		038318FE1C89F70D005A3265 /* AppDelegate.swift */ = {isa = PBXFileReference; lastKnownFileType = sourcecode.swift; path = AppDelegate.swift; sourceTree = "<group>"; };
		038319001C89F70D005A3265 /* ViewController.swift */ = {isa = PBXFileReference; lastKnownFileType = sourcecode.swift; path = ViewController.swift; sourceTree = "<group>"; };
		038319031C89F70D005A3265 /* Base */ = {isa = PBXFileReference; lastKnownFileType = file.storyboard; name = Base; path = Base.lproj/Main.storyboard; sourceTree = "<group>"; };
		038319051C89F70D005A3265 /* Assets.xcassets */ = {isa = PBXFileReference; lastKnownFileType = folder.assetcatalog; path = Assets.xcassets; sourceTree = "<group>"; };
		038319081C89F70D005A3265 /* Base */ = {isa = PBXFileReference; lastKnownFileType = file.storyboard; name = Base; path = Base.lproj/LaunchScreen.storyboard; sourceTree = "<group>"; };
		0383190A1C89F70D005A3265 /* Info.plist */ = {isa = PBXFileReference; lastKnownFileType = text.plist.xml; path = Info.plist; sourceTree = "<group>"; };
		038319101C89F73F005A3265 /* DataController.swift */ = {isa = PBXFileReference; fileEncoding = 4; lastKnownFileType = sourcecode.swift; path = DataController.swift; sourceTree = "<group>"; };
		038319131C89F89A005A3265 /* myDataModel.xcdatamodel */ = {isa = PBXFileReference; lastKnownFileType = wrapper.xcdatamodel; path = myDataModel.xcdatamodel; sourceTree = "<group>"; };
		038319151C89FCC1005A3265 /* Starship+CoreDataProperties.swift */ = {isa = PBXFileReference; fileEncoding = 4; lastKnownFileType = sourcecode.swift; path = "Starship+CoreDataProperties.swift"; sourceTree = "<group>"; };
		038319161C89FCC1005A3265 /* Starship.swift */ = {isa = PBXFileReference; fileEncoding = 4; lastKnownFileType = sourcecode.swift; path = Starship.swift; sourceTree = "<group>"; };
		038319171C89FCC1005A3265 /* Person+CoreDataProperties.swift */ = {isa = PBXFileReference; fileEncoding = 4; lastKnownFileType = sourcecode.swift; path = "Person+CoreDataProperties.swift"; sourceTree = "<group>"; };
		038319181C89FCC1005A3265 /* Person.swift */ = {isa = PBXFileReference; fileEncoding = 4; lastKnownFileType = sourcecode.swift; path = Person.swift; sourceTree = "<group>"; };
/* End PBXFileReference section */

/* Begin PBXFrameworksBuildPhase section */
		038318F81C89F70D005A3265 /* Frameworks */ = {
			isa = PBXFrameworksBuildPhase;
			buildActionMask = 2147483647;
			files = (
			);
			runOnlyForDeploymentPostprocessing = 0;
		};
/* End PBXFrameworksBuildPhase section */

/* Begin PBXGroup section */
		038318F21C89F70D005A3265 = {
			isa = PBXGroup;
			children = (
				038318FD1C89F70D005A3265 /* SimpleCD */,
				038318FC1C89F70D005A3265 /* Products */,
			);
			sourceTree = "<group>";
		};
		038318FC1C89F70D005A3265 /* Products */ = {
			isa = PBXGroup;
			children = (
				038318FB1C89F70D005A3265 /* SimpleCD.app */,
			);
			name = Products;
			sourceTree = "<group>";
		};
		038318FD1C89F70D005A3265 /* SimpleCD */ = {
			isa = PBXGroup;
			children = (
				038318FE1C89F70D005A3265 /* AppDelegate.swift */,
				038319001C89F70D005A3265 /* ViewController.swift */,
				038319121C89F89A005A3265 /* myDataModel.xcdatamodeld */,
				038319101C89F73F005A3265 /* DataController.swift */,
				038319021C89F70D005A3265 /* Main.storyboard */,
				038319051C89F70D005A3265 /* Assets.xcassets */,
				038319151C89FCC1005A3265 /* Starship+CoreDataProperties.swift */,
				038319161C89FCC1005A3265 /* Starship.swift */,
				038319171C89FCC1005A3265 /* Person+CoreDataProperties.swift */,
				038319181C89FCC1005A3265 /* Person.swift */,
				038319071C89F70D005A3265 /* LaunchScreen.storyboard */,
				0383190A1C89F70D005A3265 /* Info.plist */,
			);
			path = SimpleCD;
			sourceTree = "<group>";
		};
/* End PBXGroup section */

/* Begin PBXNativeTarget section */
		038318FA1C89F70D005A3265 /* SimpleCD */ = {
			isa = PBXNativeTarget;
			buildConfigurationList = 0383190D1C89F70D005A3265 /* Build configuration list for PBXNativeTarget "SimpleCD" */;
			buildPhases = (
				038318F71C89F70D005A3265 /* Sources */,
				038318F81C89F70D005A3265 /* Frameworks */,
				038318F91C89F70D005A3265 /* Resources */,
			);
			buildRules = (
			);
			dependencies = (
			);
			name = SimpleCD;
			productName = SimpleCD;
			productReference = 038318FB1C89F70D005A3265 /* SimpleCD.app */;
			productType = "com.apple.product-type.application";
		};
/* End PBXNativeTarget section */

/* Begin PBXProject section */
		038318F31C89F70D005A3265 /* Project object */ = {
			isa = PBXProject;
			attributes = {
				LastSwiftUpdateCheck = 0720;
				LastUpgradeCheck = 0720;
				ORGANIZATIONNAME = "The Iron Yard";
				TargetAttributes = {
					038318FA1C89F70D005A3265 = {
						CreatedOnToolsVersion = 7.2.1;
					};
				};
			};
			buildConfigurationList = 038318F61C89F70D005A3265 /* Build configuration list for PBXProject "SimpleCD" */;
			compatibilityVersion = "Xcode 3.2";
			developmentRegion = English;
			hasScannedForEncodings = 0;
			knownRegions = (
				en,
				Base,
			);
			mainGroup = 038318F21C89F70D005A3265;
			productRefGroup = 038318FC1C89F70D005A3265 /* Products */;
			projectDirPath = "";
			projectRoot = "";
			targets = (
				038318FA1C89F70D005A3265 /* SimpleCD */,
			);
		};
/* End PBXProject section */

/* Begin PBXResourcesBuildPhase section */
		038318F91C89F70D005A3265 /* Resources */ = {
			isa = PBXResourcesBuildPhase;
			buildActionMask = 2147483647;
			files = (
				038319091C89F70D005A3265 /* LaunchScreen.storyboard in Resources */,
				038319061C89F70D005A3265 /* Assets.xcassets in Resources */,
				038319041C89F70D005A3265 /* Main.storyboard in Resources */,
			);
			runOnlyForDeploymentPostprocessing = 0;
		};
/* End PBXResourcesBuildPhase section */

/* Begin PBXSourcesBuildPhase section */
		038318F71C89F70D005A3265 /* Sources */ = {
			isa = PBXSourcesBuildPhase;
			buildActionMask = 2147483647;
			files = (
				0383191B1C89FCC1005A3265 /* Person+CoreDataProperties.swift in Sources */,
				038319191C89FCC1005A3265 /* Starship+CoreDataProperties.swift in Sources */,
				038319011C89F70D005A3265 /* ViewController.swift in Sources */,
				038319141C89F89A005A3265 /* myDataModel.xcdatamodeld in Sources */,
				0383191A1C89FCC1005A3265 /* Starship.swift in Sources */,
				038319111C89F73F005A3265 /* DataController.swift in Sources */,
				0383191C1C89FCC1005A3265 /* Person.swift in Sources */,
				038318FF1C89F70D005A3265 /* AppDelegate.swift in Sources */,
			);
			runOnlyForDeploymentPostprocessing = 0;
		};
/* End PBXSourcesBuildPhase section */

/* Begin PBXVariantGroup section */
		038319021C89F70D005A3265 /* Main.storyboard */ = {
			isa = PBXVariantGroup;
			children = (
				038319031C89F70D005A3265 /* Base */,
			);
			name = Main.storyboard;
			sourceTree = "<group>";
		};
		038319071C89F70D005A3265 /* LaunchScreen.storyboard */ = {
			isa = PBXVariantGroup;
			children = (
				038319081C89F70D005A3265 /* Base */,
			);
			name = LaunchScreen.storyboard;
			sourceTree = "<group>";
		};
/* End PBXVariantGroup section */

/* Begin XCBuildConfiguration section */
		0383190B1C89F70D005A3265 /* Debug */ = {
			isa = XCBuildConfiguration;
			buildSettings = {
				ALWAYS_SEARCH_USER_PATHS = NO;
				CLANG_CXX_LANGUAGE_STANDARD = "gnu++0x";
				CLANG_CXX_LIBRARY = "libc++";
				CLANG_ENABLE_MODULES = YES;
				CLANG_ENABLE_OBJC_ARC = YES;
				CLANG_WARN_BOOL_CONVERSION = YES;
				CLANG_WARN_CONSTANT_CONVERSION = YES;
				CLANG_WARN_DIRECT_OBJC_ISA_USAGE = YES_ERROR;
				CLANG_WARN_EMPTY_BODY = YES;
				CLANG_WARN_ENUM_CONVERSION = YES;
				CLANG_WARN_INT_CONVERSION = YES;
				CLANG_WARN_OBJC_ROOT_CLASS = YES_ERROR;
				CLANG_WARN_UNREACHABLE_CODE = YES;
				CLANG_WARN__DUPLICATE_METHOD_MATCH = YES;
				"CODE_SIGN_IDENTITY[sdk=iphoneos*]" = "iPhone Developer";
				COPY_PHASE_STRIP = NO;
				DEBUG_INFORMATION_FORMAT = dwarf;
				ENABLE_STRICT_OBJC_MSGSEND = YES;
				ENABLE_TESTABILITY = YES;
				GCC_C_LANGUAGE_STANDARD = gnu99;
				GCC_DYNAMIC_NO_PIC = NO;
				GCC_NO_COMMON_BLOCKS = YES;
				GCC_OPTIMIZATION_LEVEL = 0;
				GCC_PREPROCESSOR_DEFINITIONS = (
					"DEBUG=1",
					"$(inherited)",
				);
				GCC_WARN_64_TO_32_BIT_CONVERSION = YES;
				GCC_WARN_ABOUT_RETURN_TYPE = YES_ERROR;
				GCC_WARN_UNDECLARED_SELECTOR = YES;
				GCC_WARN_UNINITIALIZED_AUTOS = YES_AGGRESSIVE;
				GCC_WARN_UNUSED_FUNCTION = YES;
				GCC_WARN_UNUSED_VARIABLE = YES;
				IPHONEOS_DEPLOYMENT_TARGET = 9.2;
				MTL_ENABLE_DEBUG_INFO = YES;
				ONLY_ACTIVE_ARCH = YES;
				SDKROOT = iphoneos;
				SWIFT_OPTIMIZATION_LEVEL = "-Onone";
				TARGETED_DEVICE_FAMILY = "1,2";
			};
			name = Debug;
		};
		0383190C1C89F70D005A3265 /* Release */ = {
			isa = XCBuildConfiguration;
			buildSettings = {
				ALWAYS_SEARCH_USER_PATHS = NO;
				CLANG_CXX_LANGUAGE_STANDARD = "gnu++0x";
				CLANG_CXX_LIBRARY = "libc++";
				CLANG_ENABLE_MODULES = YES;
				CLANG_ENABLE_OBJC_ARC = YES;
				CLANG_WARN_BOOL_CONVERSION = YES;
				CLANG_WARN_CONSTANT_CONVERSION = YES;
				CLANG_WARN_DIRECT_OBJC_ISA_USAGE = YES_ERROR;
				CLANG_WARN_EMPTY_BODY = YES;
				CLANG_WARN_ENUM_CONVERSION = YES;
				CLANG_WARN_INT_CONVERSION = YES;
				CLANG_WARN_OBJC_ROOT_CLASS = YES_ERROR;
				CLANG_WARN_UNREACHABLE_CODE = YES;
				CLANG_WARN__DUPLICATE_METHOD_MATCH = YES;
				"CODE_SIGN_IDENTITY[sdk=iphoneos*]" = "iPhone Developer";
				COPY_PHASE_STRIP = NO;
				DEBUG_INFORMATION_FORMAT = "dwarf-with-dsym";
				ENABLE_NS_ASSERTIONS = NO;
				ENABLE_STRICT_OBJC_MSGSEND = YES;
				GCC_C_LANGUAGE_STANDARD = gnu99;
				GCC_NO_COMMON_BLOCKS = YES;
				GCC_WARN_64_TO_32_BIT_CONVERSION = YES;
				GCC_WARN_ABOUT_RETURN_TYPE = YES_ERROR;
				GCC_WARN_UNDECLARED_SELECTOR = YES;
				GCC_WARN_UNINITIALIZED_AUTOS = YES_AGGRESSIVE;
				GCC_WARN_UNUSED_FUNCTION = YES;
				GCC_WARN_UNUSED_VARIABLE = YES;
				IPHONEOS_DEPLOYMENT_TARGET = 9.2;
				MTL_ENABLE_DEBUG_INFO = NO;
				SDKROOT = iphoneos;
				TARGETED_DEVICE_FAMILY = "1,2";
				VALIDATE_PRODUCT = YES;
			};
			name = Release;
		};
		0383190E1C89F70D005A3265 /* Debug */ = {
			isa = XCBuildConfiguration;
			buildSettings = {
				ASSETCATALOG_COMPILER_APPICON_NAME = AppIcon;
				INFOPLIST_FILE = SimpleCD/Info.plist;
				LD_RUNPATH_SEARCH_PATHS = "$(inherited) @executable_path/Frameworks";
				PRODUCT_BUNDLE_IDENTIFIER = com.theironyard.SimpleCD;
				PRODUCT_NAME = "$(TARGET_NAME)";
			};
			name = Debug;
		};
		0383190F1C89F70D005A3265 /* Release */ = {
			isa = XCBuildConfiguration;
			buildSettings = {
				ASSETCATALOG_COMPILER_APPICON_NAME = AppIcon;
				INFOPLIST_FILE = SimpleCD/Info.plist;
				LD_RUNPATH_SEARCH_PATHS = "$(inherited) @executable_path/Frameworks";
				PRODUCT_BUNDLE_IDENTIFIER = com.theironyard.SimpleCD;
				PRODUCT_NAME = "$(TARGET_NAME)";
			};
			name = Release;
		};
/* End XCBuildConfiguration section */

/* Begin XCConfigurationList section */
		038318F61C89F70D005A3265 /* Build configuration list for PBXProject "SimpleCD" */ = {
			isa = XCConfigurationList;
			buildConfigurations = (
				0383190B1C89F70D005A3265 /* Debug */,
				0383190C1C89F70D005A3265 /* Release */,
			);
			defaultConfigurationIsVisible = 0;
			defaultConfigurationName = Release;
		};
		0383190D1C89F70D005A3265 /* Build configuration list for PBXNativeTarget "SimpleCD" */ = {
			isa = XCConfigurationList;
			buildConfigurations = (
				0383190E1C89F70D005A3265 /* Debug */,
				0383190F1C89F70D005A3265 /* Release */,
			);
			defaultConfigurationIsVisible = 0;
		};
/* End XCConfigurationList section */

/* Begin XCVersionGroup section */
		038319121C89F89A005A3265 /* myDataModel.xcdatamodeld */ = {
			isa = XCVersionGroup;
			children = (
				038319131C89F89A005A3265 /* myDataModel.xcdatamodel */,
			);
			currentVersion = 038319131C89F89A005A3265 /* myDataModel.xcdatamodel */;
			path = myDataModel.xcdatamodeld;
			sourceTree = "<group>";
			versionGroupType = wrapper.xcdatamodel;
		};
/* End XCVersionGroup section */
	};
	rootObject = 038318F31C89F70D005A3265 /* Project object */;
}
