// !$*UTF8*$!
{
	archiveVersion = 1;
	classes = {
	};
	objectVersion = 46;
	objects = {

/* Begin PBXBuildFile section */
		5E9F48761C839682008ED94D /* AppDelegate.swift in Sources */ = {isa = PBXBuildFile; fileRef = 5E9F48751C839682008ED94D /* AppDelegate.swift */; };
		5E9F48781C839682008ED94D /* ViewController.swift in Sources */ = {isa = PBXBuildFile; fileRef = 5E9F48771C839682008ED94D /* ViewController.swift */; };
		5E9F487B1C839682008ED94D /* Main.storyboard in Resources */ = {isa = PBXBuildFile; fileRef = 5E9F48791C839682008ED94D /* Main.storyboard */; };
		5E9F487D1C839683008ED94D /* Assets.xcassets in Resources */ = {isa = PBXBuildFile; fileRef = 5E9F487C1C839683008ED94D /* Assets.xcassets */; };
		5E9F48801C839683008ED94D /* LaunchScreen.storyboard in Resources */ = {isa = PBXBuildFile; fileRef = 5E9F487E1C839683008ED94D /* LaunchScreen.storyboard */; };
		5E9F48881C8396D2008ED94D /* Movie.swift in Sources */ = {isa = PBXBuildFile; fileRef = 5E9F48871C8396D2008ED94D /* Movie.swift */; };
		5E9F488A1C8399ED008ED94D /* DataStore.swift in Sources */ = {isa = PBXBuildFile; fileRef = 5E9F48891C8399ED008ED94D /* DataStore.swift */; };
		5E9F488C1C839C1C008ED94D /* Constants.swift in Sources */ = {isa = PBXBuildFile; fileRef = 5E9F488B1C839C1C008ED94D /* Constants.swift */; };
		5E9F488E1C85D7B8008ED94D /* MoviesAPI.swift in Sources */ = {isa = PBXBuildFile; fileRef = 5E9F488D1C85D7B8008ED94D /* MoviesAPI.swift */; };
/* End PBXBuildFile section */

/* Begin PBXFileReference section */
		5E9F48721C839682008ED94D /* DataPersistanceApp.app */ = {isa = PBXFileReference; explicitFileType = wrapper.application; includeInIndex = 0; path = DataPersistanceApp.app; sourceTree = BUILT_PRODUCTS_DIR; };
		5E9F48751C839682008ED94D /* AppDelegate.swift */ = {isa = PBXFileReference; lastKnownFileType = sourcecode.swift; path = AppDelegate.swift; sourceTree = "<group>"; };
		5E9F48771C839682008ED94D /* ViewController.swift */ = {isa = PBXFileReference; lastKnownFileType = sourcecode.swift; path = ViewController.swift; sourceTree = "<group>"; };
		5E9F487A1C839682008ED94D /* Base */ = {isa = PBXFileReference; lastKnownFileType = file.storyboard; name = Base; path = Base.lproj/Main.storyboard; sourceTree = "<group>"; };
		5E9F487C1C839683008ED94D /* Assets.xcassets */ = {isa = PBXFileReference; lastKnownFileType = folder.assetcatalog; path = Assets.xcassets; sourceTree = "<group>"; };
		5E9F487F1C839683008ED94D /* Base */ = {isa = PBXFileReference; lastKnownFileType = file.storyboard; name = Base; path = Base.lproj/LaunchScreen.storyboard; sourceTree = "<group>"; };
		5E9F48811C839683008ED94D /* Info.plist */ = {isa = PBXFileReference; lastKnownFileType = text.plist.xml; path = Info.plist; sourceTree = "<group>"; };
		5E9F48871C8396D2008ED94D /* Movie.swift */ = {isa = PBXFileReference; fileEncoding = 4; lastKnownFileType = sourcecode.swift; path = Movie.swift; sourceTree = "<group>"; };
		5E9F48891C8399ED008ED94D /* DataStore.swift */ = {isa = PBXFileReference; fileEncoding = 4; lastKnownFileType = sourcecode.swift; path = DataStore.swift; sourceTree = "<group>"; };
		5E9F488B1C839C1C008ED94D /* Constants.swift */ = {isa = PBXFileReference; fileEncoding = 4; lastKnownFileType = sourcecode.swift; path = Constants.swift; sourceTree = "<group>"; };
		5E9F488D1C85D7B8008ED94D /* MoviesAPI.swift */ = {isa = PBXFileReference; fileEncoding = 4; lastKnownFileType = sourcecode.swift; path = MoviesAPI.swift; sourceTree = "<group>"; };
/* End PBXFileReference section */

/* Begin PBXFrameworksBuildPhase section */
		5E9F486F1C839682008ED94D /* Frameworks */ = {
			isa = PBXFrameworksBuildPhase;
			buildActionMask = 2147483647;
			files = (
			);
			runOnlyForDeploymentPostprocessing = 0;
		};
/* End PBXFrameworksBuildPhase section */

/* Begin PBXGroup section */
		5E9F48691C839682008ED94D = {
			isa = PBXGroup;
			children = (
				5E9F48741C839682008ED94D /* DataPersistanceApp */,
				5E9F48731C839682008ED94D /* Products */,
			);
			sourceTree = "<group>";
		};
		5E9F48731C839682008ED94D /* Products */ = {
			isa = PBXGroup;
			children = (
				5E9F48721C839682008ED94D /* DataPersistanceApp.app */,
			);
			name = Products;
			sourceTree = "<group>";
		};
		5E9F48741C839682008ED94D /* DataPersistanceApp */ = {
			isa = PBXGroup;
			children = (
				5E9F488B1C839C1C008ED94D /* Constants.swift */,
				5E9F48751C839682008ED94D /* AppDelegate.swift */,
				5E9F48771C839682008ED94D /* ViewController.swift */,
				5E9F48871C8396D2008ED94D /* Movie.swift */,
				5E9F48891C8399ED008ED94D /* DataStore.swift */,
				5E9F488D1C85D7B8008ED94D /* MoviesAPI.swift */,
				5E9F48791C839682008ED94D /* Main.storyboard */,
				5E9F487C1C839683008ED94D /* Assets.xcassets */,
				5E9F487E1C839683008ED94D /* LaunchScreen.storyboard */,
				5E9F48811C839683008ED94D /* Info.plist */,
			);
			path = DataPersistanceApp;
			sourceTree = "<group>";
		};
/* End PBXGroup section */

/* Begin PBXNativeTarget section */
		5E9F48711C839682008ED94D /* DataPersistanceApp */ = {
			isa = PBXNativeTarget;
			buildConfigurationList = 5E9F48841C839683008ED94D /* Build configuration list for PBXNativeTarget "DataPersistanceApp" */;
			buildPhases = (
				5E9F486E1C839682008ED94D /* Sources */,
				5E9F486F1C839682008ED94D /* Frameworks */,
				5E9F48701C839682008ED94D /* Resources */,
			);
			buildRules = (
			);
			dependencies = (
			);
			name = DataPersistanceApp;
			productName = DataPersistanceApp;
			productReference = 5E9F48721C839682008ED94D /* DataPersistanceApp.app */;
			productType = "com.apple.product-type.application";
		};
/* End PBXNativeTarget section */

/* Begin PBXProject section */
		5E9F486A1C839682008ED94D /* Project object */ = {
			isa = PBXProject;
			attributes = {
				LastSwiftUpdateCheck = 0720;
				LastUpgradeCheck = 0720;
				ORGANIZATIONNAME = "The Iron Yard";
				TargetAttributes = {
					5E9F48711C839682008ED94D = {
						CreatedOnToolsVersion = 7.2.1;
					};
				};
			};
			buildConfigurationList = 5E9F486D1C839682008ED94D /* Build configuration list for PBXProject "DataPersistanceApp" */;
			compatibilityVersion = "Xcode 3.2";
			developmentRegion = English;
			hasScannedForEncodings = 0;
			knownRegions = (
				en,
				Base,
			);
			mainGroup = 5E9F48691C839682008ED94D;
			productRefGroup = 5E9F48731C839682008ED94D /* Products */;
			projectDirPath = "";
			projectRoot = "";
			targets = (
				5E9F48711C839682008ED94D /* DataPersistanceApp */,
			);
		};
/* End PBXProject section */

/* Begin PBXResourcesBuildPhase section */
		5E9F48701C839682008ED94D /* Resources */ = {
			isa = PBXResourcesBuildPhase;
			buildActionMask = 2147483647;
			files = (
				5E9F48801C839683008ED94D /* LaunchScreen.storyboard in Resources */,
				5E9F487D1C839683008ED94D /* Assets.xcassets in Resources */,
				5E9F487B1C839682008ED94D /* Main.storyboard in Resources */,
			);
			runOnlyForDeploymentPostprocessing = 0;
		};
/* End PBXResourcesBuildPhase section */

/* Begin PBXSourcesBuildPhase section */
		5E9F486E1C839682008ED94D /* Sources */ = {
			isa = PBXSourcesBuildPhase;
			buildActionMask = 2147483647;
			files = (
				5E9F488C1C839C1C008ED94D /* Constants.swift in Sources */,
				5E9F48781C839682008ED94D /* ViewController.swift in Sources */,
				5E9F488A1C8399ED008ED94D /* DataStore.swift in Sources */,
				5E9F488E1C85D7B8008ED94D /* MoviesAPI.swift in Sources */,
				5E9F48761C839682008ED94D /* AppDelegate.swift in Sources */,
				5E9F48881C8396D2008ED94D /* Movie.swift in Sources */,
			);
			runOnlyForDeploymentPostprocessing = 0;
		};
/* End PBXSourcesBuildPhase section */

/* Begin PBXVariantGroup section */
		5E9F48791C839682008ED94D /* Main.storyboard */ = {
			isa = PBXVariantGroup;
			children = (
				5E9F487A1C839682008ED94D /* Base */,
			);
			name = Main.storyboard;
			sourceTree = "<group>";
		};
		5E9F487E1C839683008ED94D /* LaunchScreen.storyboard */ = {
			isa = PBXVariantGroup;
			children = (
				5E9F487F1C839683008ED94D /* Base */,
			);
			name = LaunchScreen.storyboard;
			sourceTree = "<group>";
		};
/* End PBXVariantGroup section */

/* Begin XCBuildConfiguration section */
		5E9F48821C839683008ED94D /* Debug */ = {
			isa = XCBuildConfiguration;
			buildSettings = {
				ALWAYS_SEARCH_USER_PATHS = NO;
				CLANG_CXX_LANGUAGE_STANDARD = "gnu++0x";
				CLANG_CXX_LIBRARY = "libc++";
				CLANG_ENABLE_MODULES = YES;
				CLANG_ENABLE_OBJC_ARC = YES;
				CLANG_WARN_BOOL_CONVERSION = YES;
				CLANG_WARN_CONSTANT_CONVERSION = YES;
				CLANG_WARN_DIRECT_OBJC_ISA_USAGE = YES_ERROR;
				CLANG_WARN_EMPTY_BODY = YES;
				CLANG_WARN_ENUM_CONVERSION = YES;
				CLANG_WARN_INT_CONVERSION = YES;
				CLANG_WARN_OBJC_ROOT_CLASS = YES_ERROR;
				CLANG_WARN_UNREACHABLE_CODE = YES;
				CLANG_WARN__DUPLICATE_METHOD_MATCH = YES;
				"CODE_SIGN_IDENTITY[sdk=iphoneos*]" = "iPhone Developer";
				COPY_PHASE_STRIP = NO;
				DEBUG_INFORMATION_FORMAT = dwarf;
				ENABLE_STRICT_OBJC_MSGSEND = YES;
				ENABLE_TESTABILITY = YES;
				GCC_C_LANGUAGE_STANDARD = gnu99;
				GCC_DYNAMIC_NO_PIC = NO;
				GCC_NO_COMMON_BLOCKS = YES;
				GCC_OPTIMIZATION_LEVEL = 0;
				GCC_PREPROCESSOR_DEFINITIONS = (
					"DEBUG=1",
					"$(inherited)",
				);
				GCC_WARN_64_TO_32_BIT_CONVERSION = YES;
				GCC_WARN_ABOUT_RETURN_TYPE = YES_ERROR;
				GCC_WARN_UNDECLARED_SELECTOR = YES;
				GCC_WARN_UNINITIALIZED_AUTOS = YES_AGGRESSIVE;
				GCC_WARN_UNUSED_FUNCTION = YES;
				GCC_WARN_UNUSED_VARIABLE = YES;
				IPHONEOS_DEPLOYMENT_TARGET = 9.2;
				MTL_ENABLE_DEBUG_INFO = YES;
				ONLY_ACTIVE_ARCH = YES;
				SDKROOT = iphoneos;
				SWIFT_OPTIMIZATION_LEVEL = "-Onone";
			};
			name = Debug;
		};
		5E9F48831C839683008ED94D /* Release */ = {
			isa = XCBuildConfiguration;
			buildSettings = {
				ALWAYS_SEARCH_USER_PATHS = NO;
				CLANG_CXX_LANGUAGE_STANDARD = "gnu++0x";
				CLANG_CXX_LIBRARY = "libc++";
				CLANG_ENABLE_MODULES = YES;
				CLANG_ENABLE_OBJC_ARC = YES;
				CLANG_WARN_BOOL_CONVERSION = YES;
				CLANG_WARN_CONSTANT_CONVERSION = YES;
				CLANG_WARN_DIRECT_OBJC_ISA_USAGE = YES_ERROR;
				CLANG_WARN_EMPTY_BODY = YES;
				CLANG_WARN_ENUM_CONVERSION = YES;
				CLANG_WARN_INT_CONVERSION = YES;
				CLANG_WARN_OBJC_ROOT_CLASS = YES_ERROR;
				CLANG_WARN_UNREACHABLE_CODE = YES;
				CLANG_WARN__DUPLICATE_METHOD_MATCH = YES;
				"CODE_SIGN_IDENTITY[sdk=iphoneos*]" = "iPhone Developer";
				COPY_PHASE_STRIP = NO;
				DEBUG_INFORMATION_FORMAT = "dwarf-with-dsym";
				ENABLE_NS_ASSERTIONS = NO;
				ENABLE_STRICT_OBJC_MSGSEND = YES;
				GCC_C_LANGUAGE_STANDARD = gnu99;
				GCC_NO_COMMON_BLOCKS = YES;
				GCC_WARN_64_TO_32_BIT_CONVERSION = YES;
				GCC_WARN_ABOUT_RETURN_TYPE = YES_ERROR;
				GCC_WARN_UNDECLARED_SELECTOR = YES;
				GCC_WARN_UNINITIALIZED_AUTOS = YES_AGGRESSIVE;
				GCC_WARN_UNUSED_FUNCTION = YES;
				GCC_WARN_UNUSED_VARIABLE = YES;
				IPHONEOS_DEPLOYMENT_TARGET = 9.2;
				MTL_ENABLE_DEBUG_INFO = NO;
				SDKROOT = iphoneos;
				VALIDATE_PRODUCT = YES;
			};
			name = Release;
		};
		5E9F48851C839683008ED94D /* Debug */ = {
			isa = XCBuildConfiguration;
			buildSettings = {
				ASSETCATALOG_COMPILER_APPICON_NAME = AppIcon;
				INFOPLIST_FILE = DataPersistanceApp/Info.plist;
				LD_RUNPATH_SEARCH_PATHS = "$(inherited) @executable_path/Frameworks";
				PRODUCT_BUNDLE_IDENTIFIER = com.theironyard.DataPersistanceApp;
				PRODUCT_NAME = "$(TARGET_NAME)";
			};
			name = Debug;
		};
		5E9F48861C839683008ED94D /* Release */ = {
			isa = XCBuildConfiguration;
			buildSettings = {
				ASSETCATALOG_COMPILER_APPICON_NAME = AppIcon;
				INFOPLIST_FILE = DataPersistanceApp/Info.plist;
				LD_RUNPATH_SEARCH_PATHS = "$(inherited) @executable_path/Frameworks";
				PRODUCT_BUNDLE_IDENTIFIER = com.theironyard.DataPersistanceApp;
				PRODUCT_NAME = "$(TARGET_NAME)";
			};
			name = Release;
		};
/* End XCBuildConfiguration section */

/* Begin XCConfigurationList section */
		5E9F486D1C839682008ED94D /* Build configuration list for PBXProject "DataPersistanceApp" */ = {
			isa = XCConfigurationList;
			buildConfigurations = (
				5E9F48821C839683008ED94D /* Debug */,
				5E9F48831C839683008ED94D /* Release */,
			);
			defaultConfigurationIsVisible = 0;
			defaultConfigurationName = Release;
		};
		5E9F48841C839683008ED94D /* Build configuration list for PBXNativeTarget "DataPersistanceApp" */ = {
			isa = XCConfigurationList;
			buildConfigurations = (
				5E9F48851C839683008ED94D /* Debug */,
				5E9F48861C839683008ED94D /* Release */,
			);
			defaultConfigurationIsVisible = 0;
			defaultConfigurationName = Release;
		};
/* End XCConfigurationList section */
	};
	rootObject = 5E9F486A1C839682008ED94D /* Project object */;
}
